
Microsoft Visual Studio Solution File, Format Version 12.00
# Visual Studio 2015
Project("{FAE04EC0-301F-11D3-BF4B-00C04F79EFBC}") = "Card Caster", "Card Caster.csproj", "{C3CD7796-E17B-CEDE-3B6B-30891FB37038}"
EndProject
Project("{FAE04EC0-301F-11D3-BF4B-00C04F79EFBC}") = "Card Caster.Editor", "Card Caster.Editor.csproj", "{F9FF0759-C268-3785-8DCA-42CCFA277821}"
EndProject
Global
	GlobalSection(SolutionConfigurationPlatforms) = preSolution
		Debug|Any CPU = Debug|Any CPU
		Release|Any CPU = Release|Any CPU
	EndGlobalSection
	GlobalSection(ProjectConfigurationPlatforms) = postSolution
		{C3CD7796-E17B-CEDE-3B6B-30891FB37038}.Debug|Any CPU.ActiveCfg = Debug|Any CPU
		{C3CD7796-E17B-CEDE-3B6B-30891FB37038}.Debug|Any CPU.Build.0 = Debug|Any CPU
		{C3CD7796-E17B-CEDE-3B6B-30891FB37038}.Release|Any CPU.ActiveCfg = Release|Any CPU
		{C3CD7796-E17B-CEDE-3B6B-30891FB37038}.Release|Any CPU.Build.0 = Release|Any CPU
		{F9FF0759-C268-3785-8DCA-42CCFA277821}.Debug|Any CPU.ActiveCfg = Debug|Any CPU
		{F9FF0759-C268-3785-8DCA-42CCFA277821}.Debug|Any CPU.Build.0 = Debug|Any CPU
		{F9FF0759-C268-3785-8DCA-42CCFA277821}.Release|Any CPU.ActiveCfg = Release|Any CPU
		{F9FF0759-C268-3785-8DCA-42CCFA277821}.Release|Any CPU.Build.0 = Release|Any CPU
	EndGlobalSection
	GlobalSection(SolutionProperties) = preSolution
		HideSolutionNode = FALSE
	EndGlobalSection
EndGlobal
