
Microsoft Visual Studio Solution File, Format Version 12.00
# Visual Studio 2015
Project("{FAE04EC0-301F-11D3-BF4B-00C04F79EFBC}") = "Working_Title", "Working_Title.csproj", "{113B0C15-2690-8235-BBCD-D59AC9E28DA2}"
EndProject
Project("{FAE04EC0-301F-11D3-BF4B-00C04F79EFBC}") = "Working_Title.Editor", "Working_Title.Editor.csproj", "{C8D65F87-697B-450F-165B-B4FDD8853329}"
EndProject
Global
	GlobalSection(SolutionConfigurationPlatforms) = preSolution
		Debug|Any CPU = Debug|Any CPU
		Release|Any CPU = Release|Any CPU
	EndGlobalSection
	GlobalSection(ProjectConfigurationPlatforms) = postSolution
		{113B0C15-2690-8235-BBCD-D59AC9E28DA2}.Debug|Any CPU.ActiveCfg = Debug|Any CPU
		{113B0C15-2690-8235-BBCD-D59AC9E28DA2}.Debug|Any CPU.Build.0 = Debug|Any CPU
		{113B0C15-2690-8235-BBCD-D59AC9E28DA2}.Release|Any CPU.ActiveCfg = Release|Any CPU
		{113B0C15-2690-8235-BBCD-D59AC9E28DA2}.Release|Any CPU.Build.0 = Release|Any CPU
		{C8D65F87-697B-450F-165B-B4FDD8853329}.Debug|Any CPU.ActiveCfg = Debug|Any CPU
		{C8D65F87-697B-450F-165B-B4FDD8853329}.Debug|Any CPU.Build.0 = Debug|Any CPU
		{C8D65F87-697B-450F-165B-B4FDD8853329}.Release|Any CPU.ActiveCfg = Release|Any CPU
		{C8D65F87-697B-450F-165B-B4FDD8853329}.Release|Any CPU.Build.0 = Release|Any CPU
	EndGlobalSection
	GlobalSection(SolutionProperties) = preSolution
		HideSolutionNode = FALSE
	EndGlobalSection
EndGlobal
